// !$*UTF8*$!
{
	archiveVersion = 1;
	classes = {
	};
	objectVersion = 50;
	objects = {

/* Begin PBXBuildFile section */
		AE00FE12253548DE0028EC25 /* MainVC.swift in Sources */ = {isa = PBXBuildFile; fileRef = AE00FE11253548DE0028EC25 /* MainVC.swift */; };
		AE00FE17253551200028EC25 /* LoginVC.swift in Sources */ = {isa = PBXBuildFile; fileRef = AE00FE16253551200028EC25 /* LoginVC.swift */; };
		AE00FE1A253551340028EC25 /* SingUpVC.swift in Sources */ = {isa = PBXBuildFile; fileRef = AE00FE19253551340028EC25 /* SingUpVC.swift */; };
		AEB1D8D8253539300012417E /* AppDelegate.swift in Sources */ = {isa = PBXBuildFile; fileRef = AEB1D8D7253539300012417E /* AppDelegate.swift */; };
		AEB1D8DA253539300012417E /* SceneDelegate.swift in Sources */ = {isa = PBXBuildFile; fileRef = AEB1D8D9253539300012417E /* SceneDelegate.swift */; };
		AEB1D8DF253539300012417E /* Main.storyboard in Resources */ = {isa = PBXBuildFile; fileRef = AEB1D8DD253539300012417E /* Main.storyboard */; };
		AEB1D8E1253539330012417E /* Assets.xcassets in Resources */ = {isa = PBXBuildFile; fileRef = AEB1D8E0253539330012417E /* Assets.xcassets */; };
		AEB1D8E4253539330012417E /* LaunchScreen.storyboard in Resources */ = {isa = PBXBuildFile; fileRef = AEB1D8E2253539330012417E /* LaunchScreen.storyboard */; };
/* End PBXBuildFile section */

/* Begin PBXFileReference section */
		AE00FE11253548DE0028EC25 /* MainVC.swift */ = {isa = PBXFileReference; lastKnownFileType = sourcecode.swift; path = MainVC.swift; sourceTree = "<group>"; };
		AE00FE16253551200028EC25 /* LoginVC.swift */ = {isa = PBXFileReference; lastKnownFileType = sourcecode.swift; path = LoginVC.swift; sourceTree = "<group>"; };
		AE00FE19253551340028EC25 /* SingUpVC.swift */ = {isa = PBXFileReference; lastKnownFileType = sourcecode.swift; path = SingUpVC.swift; sourceTree = "<group>"; };
		AEB1D8D4253539300012417E /* SOPT_iOS_HW1.app */ = {isa = PBXFileReference; explicitFileType = wrapper.application; includeInIndex = 0; path = SOPT_iOS_HW1.app; sourceTree = BUILT_PRODUCTS_DIR; };
		AEB1D8D7253539300012417E /* AppDelegate.swift */ = {isa = PBXFileReference; lastKnownFileType = sourcecode.swift; path = AppDelegate.swift; sourceTree = "<group>"; };
		AEB1D8D9253539300012417E /* SceneDelegate.swift */ = {isa = PBXFileReference; lastKnownFileType = sourcecode.swift; path = SceneDelegate.swift; sourceTree = "<group>"; };
		AEB1D8DE253539300012417E /* Base */ = {isa = PBXFileReference; lastKnownFileType = file.storyboard; name = Base; path = Base.lproj/Main.storyboard; sourceTree = "<group>"; };
		AEB1D8E0253539330012417E /* Assets.xcassets */ = {isa = PBXFileReference; lastKnownFileType = folder.assetcatalog; path = Assets.xcassets; sourceTree = "<group>"; };
		AEB1D8E3253539330012417E /* Base */ = {isa = PBXFileReference; lastKnownFileType = file.storyboard; name = Base; path = Base.lproj/LaunchScreen.storyboard; sourceTree = "<group>"; };
		AEB1D8E5253539330012417E /* Info.plist */ = {isa = PBXFileReference; lastKnownFileType = text.plist.xml; path = Info.plist; sourceTree = "<group>"; };
/* End PBXFileReference section */

/* Begin PBXFrameworksBuildPhase section */
		AEB1D8D1253539300012417E /* Frameworks */ = {
			isa = PBXFrameworksBuildPhase;
			buildActionMask = 2147483647;
			files = (
			);
			runOnlyForDeploymentPostprocessing = 0;
		};
/* End PBXFrameworksBuildPhase section */

/* Begin PBXGroup section */
		AE00FE0C2535479D0028EC25 /* VC */ = {
			isa = PBXGroup;
			children = (
				AE00FE11253548DE0028EC25 /* MainVC.swift */,
				AE00FE16253551200028EC25 /* LoginVC.swift */,
				AE00FE19253551340028EC25 /* SingUpVC.swift */,
			);
			path = VC;
			sourceTree = "<group>";
		};
		AE00FE0D253547F00028EC25 /* Support */ = {
			isa = PBXGroup;
			children = (
				AEB1D8E0253539330012417E /* Assets.xcassets */,
				AEB1D8E2253539330012417E /* LaunchScreen.storyboard */,
				AEB1D8E5253539330012417E /* Info.plist */,
				AEB1D8D7253539300012417E /* AppDelegate.swift */,
				AEB1D8D9253539300012417E /* SceneDelegate.swift */,
			);
			path = Support;
			sourceTree = "<group>";
		};
		AEB1D8CB253539300012417E = {
			isa = PBXGroup;
			children = (
				AEB1D8D6253539300012417E /* SOPT_iOS_HW1 */,
				AEB1D8D5253539300012417E /* Products */,
			);
			sourceTree = "<group>";
		};
		AEB1D8D5253539300012417E /* Products */ = {
			isa = PBXGroup;
			children = (
				AEB1D8D4253539300012417E /* SOPT_iOS_HW1.app */,
			);
			name = Products;
			sourceTree = "<group>";
		};
		AEB1D8D6253539300012417E /* SOPT_iOS_HW1 */ = {
			isa = PBXGroup;
			children = (
				AE00FE0D253547F00028EC25 /* Support */,
				AE00FE0C2535479D0028EC25 /* VC */,
				AEB1D8DD253539300012417E /* Main.storyboard */,
			);
			path = SOPT_iOS_HW1;
			sourceTree = "<group>";
		};
/* End PBXGroup section */

/* Begin PBXNativeTarget section */
		AEB1D8D3253539300012417E /* SOPT_iOS_HW1 */ = {
			isa = PBXNativeTarget;
			buildConfigurationList = AEB1D8E8253539330012417E /* Build configuration list for PBXNativeTarget "SOPT_iOS_HW1" */;
			buildPhases = (
				AEB1D8D0253539300012417E /* Sources */,
				AEB1D8D1253539300012417E /* Frameworks */,
				AEB1D8D2253539300012417E /* Resources */,
			);
			buildRules = (
			);
			dependencies = (
			);
			name = SOPT_iOS_HW1;
			productName = SOPT_iOS_HW1;
			productReference = AEB1D8D4253539300012417E /* SOPT_iOS_HW1.app */;
			productType = "com.apple.product-type.application";
		};
/* End PBXNativeTarget section */

/* Begin PBXProject section */
		AEB1D8CC253539300012417E /* Project object */ = {
			isa = PBXProject;
			attributes = {
				LastSwiftUpdateCheck = 1200;
				LastUpgradeCheck = 1200;
				TargetAttributes = {
					AEB1D8D3253539300012417E = {
						CreatedOnToolsVersion = 12.0.1;
					};
				};
			};
			buildConfigurationList = AEB1D8CF253539300012417E /* Build configuration list for PBXProject "SOPT_iOS_HW1" */;
			compatibilityVersion = "Xcode 9.3";
			developmentRegion = en;
			hasScannedForEncodings = 0;
			knownRegions = (
				en,
				Base,
			);
			mainGroup = AEB1D8CB253539300012417E;
			productRefGroup = AEB1D8D5253539300012417E /* Products */;
			projectDirPath = "";
			projectRoot = "";
			targets = (
				AEB1D8D3253539300012417E /* SOPT_iOS_HW1 */,
			);
		};
/* End PBXProject section */

/* Begin PBXResourcesBuildPhase section */
		AEB1D8D2253539300012417E /* Resources */ = {
			isa = PBXResourcesBuildPhase;
			buildActionMask = 2147483647;
			files = (
				AEB1D8E4253539330012417E /* LaunchScreen.storyboard in Resources */,
				AEB1D8E1253539330012417E /* Assets.xcassets in Resources */,
				AEB1D8DF253539300012417E /* Main.storyboard in Resources */,
			);
			runOnlyForDeploymentPostprocessing = 0;
		};
/* End PBXResourcesBuildPhase section */

/* Begin PBXSourcesBuildPhase section */
		AEB1D8D0253539300012417E /* Sources */ = {
			isa = PBXSourcesBuildPhase;
			buildActionMask = 2147483647;
			files = (
				AE00FE12253548DE0028EC25 /* MainVC.swift in Sources */,
				AEB1D8D8253539300012417E /* AppDelegate.swift in Sources */,
				AE00FE1A253551340028EC25 /* SingUpVC.swift in Sources */,
				AE00FE17253551200028EC25 /* LoginVC.swift in Sources */,
				AEB1D8DA253539300012417E /* SceneDelegate.swift in Sources */,
			);
			runOnlyForDeploymentPostprocessing = 0;
		};
/* End PBXSourcesBuildPhase section */

/* Begin PBXVariantGroup section */
		AEB1D8DD253539300012417E /* Main.storyboard */ = {
			isa = PBXVariantGroup;
			children = (
				AEB1D8DE253539300012417E /* Base */,
			);
			name = Main.storyboard;
			sourceTree = "<group>";
		};
		AEB1D8E2253539330012417E /* LaunchScreen.storyboard */ = {
			isa = PBXVariantGroup;
			children = (
				AEB1D8E3253539330012417E /* Base */,
			);
			name = LaunchScreen.storyboard;
			sourceTree = "<group>";
		};
/* End PBXVariantGroup section */

/* Begin XCBuildConfiguration section */
		AEB1D8E6253539330012417E /* Debug */ = {
			isa = XCBuildConfiguration;
			buildSettings = {
				ALWAYS_SEARCH_USER_PATHS = NO;
				CLANG_ANALYZER_NONNULL = YES;
				CLANG_ANALYZER_NUMBER_OBJECT_CONVERSION = YES_AGGRESSIVE;
				CLANG_CXX_LANGUAGE_STANDARD = "gnu++14";
				CLANG_CXX_LIBRARY = "libc++";
				CLANG_ENABLE_MODULES = YES;
				CLANG_ENABLE_OBJC_ARC = YES;
				CLANG_ENABLE_OBJC_WEAK = YES;
				CLANG_WARN_BLOCK_CAPTURE_AUTORELEASING = YES;
				CLANG_WARN_BOOL_CONVERSION = YES;
				CLANG_WARN_COMMA = YES;
				CLANG_WARN_CONSTANT_CONVERSION = YES;
				CLANG_WARN_DEPRECATED_OBJC_IMPLEMENTATIONS = YES;
				CLANG_WARN_DIRECT_OBJC_ISA_USAGE = YES_ERROR;
				CLANG_WARN_DOCUMENTATION_COMMENTS = YES;
				CLANG_WARN_EMPTY_BODY = YES;
				CLANG_WARN_ENUM_CONVERSION = YES;
				CLANG_WARN_INFINITE_RECURSION = YES;
				CLANG_WARN_INT_CONVERSION = YES;
				CLANG_WARN_NON_LITERAL_NULL_CONVERSION = YES;
				CLANG_WARN_OBJC_IMPLICIT_RETAIN_SELF = YES;
				CLANG_WARN_OBJC_LITERAL_CONVERSION = YES;
				CLANG_WARN_OBJC_ROOT_CLASS = YES_ERROR;
				CLANG_WARN_QUOTED_INCLUDE_IN_FRAMEWORK_HEADER = YES;
				CLANG_WARN_RANGE_LOOP_ANALYSIS = YES;
				CLANG_WARN_STRICT_PROTOTYPES = YES;
				CLANG_WARN_SUSPICIOUS_MOVE = YES;
				CLANG_WARN_UNGUARDED_AVAILABILITY = YES_AGGRESSIVE;
				CLANG_WARN_UNREACHABLE_CODE = YES;
				CLANG_WARN__DUPLICATE_METHOD_MATCH = YES;
				COPY_PHASE_STRIP = NO;
				DEBUG_INFORMATION_FORMAT = dwarf;
				ENABLE_STRICT_OBJC_MSGSEND = YES;
				ENABLE_TESTABILITY = YES;
				GCC_C_LANGUAGE_STANDARD = gnu11;
				GCC_DYNAMIC_NO_PIC = NO;
				GCC_NO_COMMON_BLOCKS = YES;
				GCC_OPTIMIZATION_LEVEL = 0;
				GCC_PREPROCESSOR_DEFINITIONS = (
					"DEBUG=1",
					"$(inherited)",
				);
				GCC_WARN_64_TO_32_BIT_CONVERSION = YES;
				GCC_WARN_ABOUT_RETURN_TYPE = YES_ERROR;
				GCC_WARN_UNDECLARED_SELECTOR = YES;
				GCC_WARN_UNINITIALIZED_AUTOS = YES_AGGRESSIVE;
				GCC_WARN_UNUSED_FUNCTION = YES;
				GCC_WARN_UNUSED_VARIABLE = YES;
				IPHONEOS_DEPLOYMENT_TARGET = 14.0;
				MTL_ENABLE_DEBUG_INFO = INCLUDE_SOURCE;
				MTL_FAST_MATH = YES;
				ONLY_ACTIVE_ARCH = YES;
				SDKROOT = iphoneos;
				SWIFT_ACTIVE_COMPILATION_CONDITIONS = DEBUG;
				SWIFT_OPTIMIZATION_LEVEL = "-Onone";
			};
			name = Debug;
		};
		AEB1D8E7253539330012417E /* Release */ = {
			isa = XCBuildConfiguration;
			buildSettings = {
				ALWAYS_SEARCH_USER_PATHS = NO;
				CLANG_ANALYZER_NONNULL = YES;
				CLANG_ANALYZER_NUMBER_OBJECT_CONVERSION = YES_AGGRESSIVE;
				CLANG_CXX_LANGUAGE_STANDARD = "gnu++14";
				CLANG_CXX_LIBRARY = "libc++";
				CLANG_ENABLE_MODULES = YES;
				CLANG_ENABLE_OBJC_ARC = YES;
				CLANG_ENABLE_OBJC_WEAK = YES;
				CLANG_WARN_BLOCK_CAPTURE_AUTORELEASING = YES;
				CLANG_WARN_BOOL_CONVERSION = YES;
				CLANG_WARN_COMMA = YES;
				CLANG_WARN_CONSTANT_CONVERSION = YES;
				CLANG_WARN_DEPRECATED_OBJC_IMPLEMENTATIONS = YES;
				CLANG_WARN_DIRECT_OBJC_ISA_USAGE = YES_ERROR;
				CLANG_WARN_DOCUMENTATION_COMMENTS = YES;
				CLANG_WARN_EMPTY_BODY = YES;
				CLANG_WARN_ENUM_CONVERSION = YES;
				CLANG_WARN_INFINITE_RECURSION = YES;
				CLANG_WARN_INT_CONVERSION = YES;
				CLANG_WARN_NON_LITERAL_NULL_CONVERSION = YES;
				CLANG_WARN_OBJC_IMPLICIT_RETAIN_SELF = YES;
				CLANG_WARN_OBJC_LITERAL_CONVERSION = YES;
				CLANG_WARN_OBJC_ROOT_CLASS = YES_ERROR;
				CLANG_WARN_QUOTED_INCLUDE_IN_FRAMEWORK_HEADER = YES;
				CLANG_WARN_RANGE_LOOP_ANALYSIS = YES;
				CLANG_WARN_STRICT_PROTOTYPES = YES;
				CLANG_WARN_SUSPICIOUS_MOVE = YES;
				CLANG_WARN_UNGUARDED_AVAILABILITY = YES_AGGRESSIVE;
				CLANG_WARN_UNREACHABLE_CODE = YES;
				CLANG_WARN__DUPLICATE_METHOD_MATCH = YES;
				COPY_PHASE_STRIP = NO;
				DEBUG_INFORMATION_FORMAT = "dwarf-with-dsym";
				ENABLE_NS_ASSERTIONS = NO;
				ENABLE_STRICT_OBJC_MSGSEND = YES;
				GCC_C_LANGUAGE_STANDARD = gnu11;
				GCC_NO_COMMON_BLOCKS = YES;
				GCC_WARN_64_TO_32_BIT_CONVERSION = YES;
				GCC_WARN_ABOUT_RETURN_TYPE = YES_ERROR;
				GCC_WARN_UNDECLARED_SELECTOR = YES;
				GCC_WARN_UNINITIALIZED_AUTOS = YES_AGGRESSIVE;
				GCC_WARN_UNUSED_FUNCTION = YES;
				GCC_WARN_UNUSED_VARIABLE = YES;
				IPHONEOS_DEPLOYMENT_TARGET = 14.0;
				MTL_ENABLE_DEBUG_INFO = NO;
				MTL_FAST_MATH = YES;
				SDKROOT = iphoneos;
				SWIFT_COMPILATION_MODE = wholemodule;
				SWIFT_OPTIMIZATION_LEVEL = "-O";
				VALIDATE_PRODUCT = YES;
			};
			name = Release;
		};
		AEB1D8E9253539330012417E /* Debug */ = {
			isa = XCBuildConfiguration;
			buildSettings = {
				ASSETCATALOG_COMPILER_APPICON_NAME = AppIcon;
				ASSETCATALOG_COMPILER_GLOBAL_ACCENT_COLOR_NAME = AccentColor;
				CODE_SIGN_STYLE = Automatic;
				INFOPLIST_FILE = SOPT_iOS_HW1/Support/Info.plist;
				LD_RUNPATH_SEARCH_PATHS = (
					"$(inherited)",
					"@executable_path/Frameworks",
				);
				PRODUCT_BUNDLE_IDENTIFIER = "com.ebadaq.SOPT-iOS-HW1";
				PRODUCT_NAME = "$(TARGET_NAME)";
				SWIFT_VERSION = 5.0;
				TARGETED_DEVICE_FAMILY = "1,2";
			};
			name = Debug;
		};
		AEB1D8EA253539330012417E /* Release */ = {
			isa = XCBuildConfiguration;
			buildSettings = {
				ASSETCATALOG_COMPILER_APPICON_NAME = AppIcon;
				ASSETCATALOG_COMPILER_GLOBAL_ACCENT_COLOR_NAME = AccentColor;
				CODE_SIGN_STYLE = Automatic;
				INFOPLIST_FILE = SOPT_iOS_HW1/Support/Info.plist;
				LD_RUNPATH_SEARCH_PATHS = (
					"$(inherited)",
					"@executable_path/Frameworks",
				);
				PRODUCT_BUNDLE_IDENTIFIER = "com.ebadaq.SOPT-iOS-HW1";
				PRODUCT_NAME = "$(TARGET_NAME)";
				SWIFT_VERSION = 5.0;
				TARGETED_DEVICE_FAMILY = "1,2";
			};
			name = Release;
		};
/* End XCBuildConfiguration section */

/* Begin XCConfigurationList section */
		AEB1D8CF253539300012417E /* Build configuration list for PBXProject "SOPT_iOS_HW1" */ = {
			isa = XCConfigurationList;
			buildConfigurations = (
				AEB1D8E6253539330012417E /* Debug */,
				AEB1D8E7253539330012417E /* Release */,
			);
			defaultConfigurationIsVisible = 0;
			defaultConfigurationName = Release;
		};
		AEB1D8E8253539330012417E /* Build configuration list for PBXNativeTarget "SOPT_iOS_HW1" */ = {
			isa = XCConfigurationList;
			buildConfigurations = (
				AEB1D8E9253539330012417E /* Debug */,
				AEB1D8EA253539330012417E /* Release */,
			);
			defaultConfigurationIsVisible = 0;
			defaultConfigurationName = Release;
		};
/* End XCConfigurationList section */
	};
	rootObject = AEB1D8CC253539300012417E /* Project object */;
}
